
Microsoft Visual Studio Solution File, Format Version 12.00
# Visual Studio 2012
Project("{F14B399A-7131-4C87-9E4B-1186C45EF12D}") = "Report Project", "Report Project\Report Project.rptproj", "{7CABC153-30A3-41E2-990B-0CA23A6C7168}"
EndProject
Global
	GlobalSection(SolutionConfigurationPlatforms) = preSolution
		Debug|Default = Debug|Default
		DebugLocal|Default = DebugLocal|Default
		Release|Default = Release|Default
	EndGlobalSection
	GlobalSection(ProjectConfigurationPlatforms) = postSolution
		{7CABC153-30A3-41E2-990B-0CA23A6C7168}.Debug|Default.ActiveCfg = Debug
		{7CABC153-30A3-41E2-990B-0CA23A6C7168}.Debug|Default.Build.0 = Debug
		{7CABC153-30A3-41E2-990B-0CA23A6C7168}.DebugLocal|Default.ActiveCfg = DebugLocal
		{7CABC153-30A3-41E2-990B-0CA23A6C7168}.DebugLocal|Default.Build.0 = DebugLocal
		{7CABC153-30A3-41E2-990B-0CA23A6C7168}.Release|Default.ActiveCfg = Release
		{7CABC153-30A3-41E2-990B-0CA23A6C7168}.Release|Default.Build.0 = Release
		{7CABC153-30A3-41E2-990B-0CA23A6C7168}.Release|Default.Deploy.0 = Release
	EndGlobalSection
	GlobalSection(SolutionProperties) = preSolution
		HideSolutionNode = FALSE
	EndGlobalSection
EndGlobal
